PODS:
  - tcic_ios (1.0.11):
    - TXIMSDK_Plus_iOS_XCFramework (= 8.6.7019)
    - TXLiteAVSDK_Professional (~> 12.8.19666)
  - TXIMSDK_Plus_iOS_XCFramework (8.6.7019)
  - TXLiteAVSDK_Professional (12.8.19666):
    - TXLiteAVSDK_Professional/Professional (= 12.8.19666)
  - TXLiteAVSDK_Professional/Professional (12.8.19666)

DEPENDENCIES:
  - "tcic_ios (from `https://ios.qcloudclass.com/1.0.11/tcic_ios.podspec?time=122901`)"

SPEC REPOS:
  trunk:
    - TXIMSDK_Plus_iOS_XCFramework
    - TXLiteAVSDK_Professional

EXTERNAL SOURCES:
  tcic_ios:
    :podspec: "https://ios.qcloudclass.com/1.0.11/tcic_ios.podspec?time=122901"

SPEC CHECKSUMS:
  tcic_ios: 288806ad02753cfe9fea045a8db6bcb4982acef8
  TXIMSDK_Plus_iOS_XCFramework: cb54f7de6e30e1368c6831c6eff31c25393bbb98
  TXLiteAVSDK_Professional: fab8ac9da64efa80bef81377b35530a791411a74

PODFILE CHECKSUM: e8603166ad759a49697e15dcd827da4536d65775

COCOAPODS: 1.16.2
