// !$*UTF8*$!
{
	archiveVersion = 1;
	classes = {
	};
	objectVersion = 56;
	objects = {

/* Begin PBXBuildFile section */
		7D588FD5912F8806D3742194 /* Pods_tcic_ios_simple_demo_tcic_ios_simple_demoUITests.framework in Frameworks */ = {isa = PBXBuildFile; fileRef = 83EC245B645422D737AD25EB /* Pods_tcic_ios_simple_demo_tcic_ios_simple_demoUITests.framework */; };
		9EDC0291856B5F37220FF63F /* Pods_tcic_ios_simple_demo.framework in Frameworks */ = {isa = PBXBuildFile; fileRef = 5CE421BFA5C5E8CAE0A13498 /* Pods_tcic_ios_simple_demo.framework */; };
		D8EA00D56185A4B90ED28DBF /* Pods_tcic_ios_simple_demoTests.framework in Frameworks */ = {isa = PBXBuildFile; fileRef = E9CB9A37C9FBB652C3810D33 /* Pods_tcic_ios_simple_demoTests.framework */; };
		E0D3779C2E5EDD7000F9DEA6 /* tcic_ios_simple_demoApp.swift in Sources */ = {isa = PBXBuildFile; fileRef = E0D3779B2E5EDD7000F9DEA6 /* tcic_ios_simple_demoApp.swift */; };
		E0D3779E2E5EDD7000F9DEA6 /* ContentView.swift in Sources */ = {isa = PBXBuildFile; fileRef = E0D3779D2E5EDD7000F9DEA6 /* ContentView.swift */; };
		E0D377A02E5EDD7100F9DEA6 /* Assets.xcassets in Resources */ = {isa = PBXBuildFile; fileRef = E0D3779F2E5EDD7100F9DEA6 /* Assets.xcassets */; };
		E0D377A32E5EDD7100F9DEA6 /* Preview Assets.xcassets in Resources */ = {isa = PBXBuildFile; fileRef = E0D377A22E5EDD7100F9DEA6 /* Preview Assets.xcassets */; };
		E0D377AD2E5EDD7100F9DEA6 /* tcic_ios_simple_demoTests.swift in Sources */ = {isa = PBXBuildFile; fileRef = E0D377AC2E5EDD7100F9DEA6 /* tcic_ios_simple_demoTests.swift */; };
		E0D377B72E5EDD7100F9DEA6 /* tcic_ios_simple_demoUITests.swift in Sources */ = {isa = PBXBuildFile; fileRef = E0D377B62E5EDD7100F9DEA6 /* tcic_ios_simple_demoUITests.swift */; };
		E0D377B92E5EDD7100F9DEA6 /* tcic_ios_simple_demoUITestsLaunchTests.swift in Sources */ = {isa = PBXBuildFile; fileRef = E0D377B82E5EDD7100F9DEA6 /* tcic_ios_simple_demoUITestsLaunchTests.swift */; };
		E0D377C72E5F071200F9DEA6 /* MyHeaderLeftView.swift in Sources */ = {isa = PBXBuildFile; fileRef = E0D377C62E5F071200F9DEA6 /* MyHeaderLeftView.swift */; };
		E0ED1E072E701013007F5A48 /* WizardModels.swift in Sources */ = {isa = PBXBuildFile; fileRef = E0ED1E062E701013007F5A48 /* WizardModels.swift */; };
		E0ED1E092E701040007F5A48 /* TCICCloudAPI.swift in Sources */ = {isa = PBXBuildFile; fileRef = E0ED1E082E701040007F5A48 /* TCICCloudAPI.swift */; };
		E0ED1E0B2E701067007F5A48 /* ClassroomSetupWizardView.swift in Sources */ = {isa = PBXBuildFile; fileRef = E0ED1E0A2E701067007F5A48 /* ClassroomSetupWizardView.swift */; };
		E0ED1E0D2E70108D007F5A48 /* WizardUIComponents.swift in Sources */ = {isa = PBXBuildFile; fileRef = E0ED1E0C2E70108D007F5A48 /* WizardUIComponents.swift */; };
		E0ED1E0F2E7014C7007F5A48 /* TCICRequest.swift in Sources */ = {isa = PBXBuildFile; fileRef = E0ED1E0E2E7014C7007F5A48 /* TCICRequest.swift */; };
/* End PBXBuildFile section */

/* Begin PBXContainerItemProxy section */
		E0D377A92E5EDD7100F9DEA6 /* PBXContainerItemProxy */ = {
			isa = PBXContainerItemProxy;
			containerPortal = E0D377902E5EDD7000F9DEA6 /* Project object */;
			proxyType = 1;
			remoteGlobalIDString = E0D377972E5EDD7000F9DEA6;
			remoteInfo = tcic_ios_simple_demo;
		};
		E0D377B32E5EDD7100F9DEA6 /* PBXContainerItemProxy */ = {
			isa = PBXContainerItemProxy;
			containerPortal = E0D377902E5EDD7000F9DEA6 /* Project object */;
			proxyType = 1;
			remoteGlobalIDString = E0D377972E5EDD7000F9DEA6;
			remoteInfo = tcic_ios_simple_demo;
		};
/* End PBXContainerItemProxy section */

/* Begin PBXFileReference section */
		00B3AE66DE3F11C361F54E4A /* Pods-tcic_ios_simple_demo-tcic_ios_simple_demoUITests.release.xcconfig */ = {isa = PBXFileReference; includeInIndex = 1; lastKnownFileType = text.xcconfig; name = "Pods-tcic_ios_simple_demo-tcic_ios_simple_demoUITests.release.xcconfig"; path = "Target Support Files/Pods-tcic_ios_simple_demo-tcic_ios_simple_demoUITests/Pods-tcic_ios_simple_demo-tcic_ios_simple_demoUITests.release.xcconfig"; sourceTree = "<group>"; };
		17A3AD0A2ADECBECA782691C /* Pods-tcic_ios_simple_demo.release.xcconfig */ = {isa = PBXFileReference; includeInIndex = 1; lastKnownFileType = text.xcconfig; name = "Pods-tcic_ios_simple_demo.release.xcconfig"; path = "Target Support Files/Pods-tcic_ios_simple_demo/Pods-tcic_ios_simple_demo.release.xcconfig"; sourceTree = "<group>"; };
		511FAE1C7EC3A999BE4EFB88 /* Pods-tcic_ios_simple_demoTests.debug.xcconfig */ = {isa = PBXFileReference; includeInIndex = 1; lastKnownFileType = text.xcconfig; name = "Pods-tcic_ios_simple_demoTests.debug.xcconfig"; path = "Target Support Files/Pods-tcic_ios_simple_demoTests/Pods-tcic_ios_simple_demoTests.debug.xcconfig"; sourceTree = "<group>"; };
		5CE421BFA5C5E8CAE0A13498 /* Pods_tcic_ios_simple_demo.framework */ = {isa = PBXFileReference; explicitFileType = wrapper.framework; includeInIndex = 0; path = Pods_tcic_ios_simple_demo.framework; sourceTree = BUILT_PRODUCTS_DIR; };
		83EC245B645422D737AD25EB /* Pods_tcic_ios_simple_demo_tcic_ios_simple_demoUITests.framework */ = {isa = PBXFileReference; explicitFileType = wrapper.framework; includeInIndex = 0; path = Pods_tcic_ios_simple_demo_tcic_ios_simple_demoUITests.framework; sourceTree = BUILT_PRODUCTS_DIR; };
		A211C8C51A70C707F98C134F /* Pods-tcic_ios_simple_demoTests.release.xcconfig */ = {isa = PBXFileReference; includeInIndex = 1; lastKnownFileType = text.xcconfig; name = "Pods-tcic_ios_simple_demoTests.release.xcconfig"; path = "Target Support Files/Pods-tcic_ios_simple_demoTests/Pods-tcic_ios_simple_demoTests.release.xcconfig"; sourceTree = "<group>"; };
		D6798471EAFA4947903E3693 /* Pods-tcic_ios_simple_demo-tcic_ios_simple_demoUITests.debug.xcconfig */ = {isa = PBXFileReference; includeInIndex = 1; lastKnownFileType = text.xcconfig; name = "Pods-tcic_ios_simple_demo-tcic_ios_simple_demoUITests.debug.xcconfig"; path = "Target Support Files/Pods-tcic_ios_simple_demo-tcic_ios_simple_demoUITests/Pods-tcic_ios_simple_demo-tcic_ios_simple_demoUITests.debug.xcconfig"; sourceTree = "<group>"; };
		E0D377982E5EDD7000F9DEA6 /* tcic_ios_simple_demo.app */ = {isa = PBXFileReference; explicitFileType = wrapper.application; includeInIndex = 0; path = tcic_ios_simple_demo.app; sourceTree = BUILT_PRODUCTS_DIR; };
		E0D3779B2E5EDD7000F9DEA6 /* tcic_ios_simple_demoApp.swift */ = {isa = PBXFileReference; lastKnownFileType = sourcecode.swift; path = tcic_ios_simple_demoApp.swift; sourceTree = "<group>"; };
		E0D3779D2E5EDD7000F9DEA6 /* ContentView.swift */ = {isa = PBXFileReference; lastKnownFileType = sourcecode.swift; path = ContentView.swift; sourceTree = "<group>"; };
		E0D3779F2E5EDD7100F9DEA6 /* Assets.xcassets */ = {isa = PBXFileReference; lastKnownFileType = folder.assetcatalog; path = Assets.xcassets; sourceTree = "<group>"; };
		E0D377A22E5EDD7100F9DEA6 /* Preview Assets.xcassets */ = {isa = PBXFileReference; lastKnownFileType = folder.assetcatalog; path = "Preview Assets.xcassets"; sourceTree = "<group>"; };
		E0D377A82E5EDD7100F9DEA6 /* tcic_ios_simple_demoTests.xctest */ = {isa = PBXFileReference; explicitFileType = wrapper.cfbundle; includeInIndex = 0; path = tcic_ios_simple_demoTests.xctest; sourceTree = BUILT_PRODUCTS_DIR; };
		E0D377AC2E5EDD7100F9DEA6 /* tcic_ios_simple_demoTests.swift */ = {isa = PBXFileReference; lastKnownFileType = sourcecode.swift; path = tcic_ios_simple_demoTests.swift; sourceTree = "<group>"; };
		E0D377B22E5EDD7100F9DEA6 /* tcic_ios_simple_demoUITests.xctest */ = {isa = PBXFileReference; explicitFileType = wrapper.cfbundle; includeInIndex = 0; path = tcic_ios_simple_demoUITests.xctest; sourceTree = BUILT_PRODUCTS_DIR; };
		E0D377B62E5EDD7100F9DEA6 /* tcic_ios_simple_demoUITests.swift */ = {isa = PBXFileReference; lastKnownFileType = sourcecode.swift; path = tcic_ios_simple_demoUITests.swift; sourceTree = "<group>"; };
		E0D377B82E5EDD7100F9DEA6 /* tcic_ios_simple_demoUITestsLaunchTests.swift */ = {isa = PBXFileReference; lastKnownFileType = sourcecode.swift; path = tcic_ios_simple_demoUITestsLaunchTests.swift; sourceTree = "<group>"; };
		E0D377C52E5F01A700F9DEA6 /* tcic-ios-simple-demo-Info.plist */ = {isa = PBXFileReference; lastKnownFileType = text.plist; path = "tcic-ios-simple-demo-Info.plist"; sourceTree = SOURCE_ROOT; };
		E0D377C62E5F071200F9DEA6 /* MyHeaderLeftView.swift */ = {isa = PBXFileReference; lastKnownFileType = sourcecode.swift; path = MyHeaderLeftView.swift; sourceTree = "<group>"; };
		E0ED1E062E701013007F5A48 /* WizardModels.swift */ = {isa = PBXFileReference; lastKnownFileType = sourcecode.swift; path = WizardModels.swift; sourceTree = "<group>"; };
		E0ED1E082E701040007F5A48 /* TCICCloudAPI.swift */ = {isa = PBXFileReference; lastKnownFileType = sourcecode.swift; path = TCICCloudAPI.swift; sourceTree = "<group>"; };
		E0ED1E0A2E701067007F5A48 /* ClassroomSetupWizardView.swift */ = {isa = PBXFileReference; lastKnownFileType = sourcecode.swift; path = ClassroomSetupWizardView.swift; sourceTree = "<group>"; };
		E0ED1E0C2E70108D007F5A48 /* WizardUIComponents.swift */ = {isa = PBXFileReference; lastKnownFileType = sourcecode.swift; path = WizardUIComponents.swift; sourceTree = "<group>"; };
		E0ED1E0E2E7014C7007F5A48 /* TCICRequest.swift */ = {isa = PBXFileReference; lastKnownFileType = sourcecode.swift; path = TCICRequest.swift; sourceTree = "<group>"; };
		E9CB9A37C9FBB652C3810D33 /* Pods_tcic_ios_simple_demoTests.framework */ = {isa = PBXFileReference; explicitFileType = wrapper.framework; includeInIndex = 0; path = Pods_tcic_ios_simple_demoTests.framework; sourceTree = BUILT_PRODUCTS_DIR; };
		F1CD0AE53B96304AE8B9C3C3 /* Pods-tcic_ios_simple_demo.debug.xcconfig */ = {isa = PBXFileReference; includeInIndex = 1; lastKnownFileType = text.xcconfig; name = "Pods-tcic_ios_simple_demo.debug.xcconfig"; path = "Target Support Files/Pods-tcic_ios_simple_demo/Pods-tcic_ios_simple_demo.debug.xcconfig"; sourceTree = "<group>"; };
/* End PBXFileReference section */

/* Begin PBXFrameworksBuildPhase section */
		E0D377952E5EDD7000F9DEA6 /* Frameworks */ = {
			isa = PBXFrameworksBuildPhase;
			buildActionMask = 2147483647;
			files = (
				9EDC0291856B5F37220FF63F /* Pods_tcic_ios_simple_demo.framework in Frameworks */,
			);
			runOnlyForDeploymentPostprocessing = 0;
		};
		E0D377A52E5EDD7100F9DEA6 /* Frameworks */ = {
			isa = PBXFrameworksBuildPhase;
			buildActionMask = 2147483647;
			files = (
				D8EA00D56185A4B90ED28DBF /* Pods_tcic_ios_simple_demoTests.framework in Frameworks */,
			);
			runOnlyForDeploymentPostprocessing = 0;
		};
		E0D377AF2E5EDD7100F9DEA6 /* Frameworks */ = {
			isa = PBXFrameworksBuildPhase;
			buildActionMask = 2147483647;
			files = (
				7D588FD5912F8806D3742194 /* Pods_tcic_ios_simple_demo_tcic_ios_simple_demoUITests.framework in Frameworks */,
			);
			runOnlyForDeploymentPostprocessing = 0;
		};
/* End PBXFrameworksBuildPhase section */

/* Begin PBXGroup section */
		1280458A5CB367EA8AF6E248 /* Pods */ = {
			isa = PBXGroup;
			children = (
				F1CD0AE53B96304AE8B9C3C3 /* Pods-tcic_ios_simple_demo.debug.xcconfig */,
				17A3AD0A2ADECBECA782691C /* Pods-tcic_ios_simple_demo.release.xcconfig */,
				D6798471EAFA4947903E3693 /* Pods-tcic_ios_simple_demo-tcic_ios_simple_demoUITests.debug.xcconfig */,
				00B3AE66DE3F11C361F54E4A /* Pods-tcic_ios_simple_demo-tcic_ios_simple_demoUITests.release.xcconfig */,
				511FAE1C7EC3A999BE4EFB88 /* Pods-tcic_ios_simple_demoTests.debug.xcconfig */,
				A211C8C51A70C707F98C134F /* Pods-tcic_ios_simple_demoTests.release.xcconfig */,
			);
			path = Pods;
			sourceTree = "<group>";
		};
		D790BDFAA215CFBEBF3C076C /* Frameworks */ = {
			isa = PBXGroup;
			children = (
				5CE421BFA5C5E8CAE0A13498 /* Pods_tcic_ios_simple_demo.framework */,
				83EC245B645422D737AD25EB /* Pods_tcic_ios_simple_demo_tcic_ios_simple_demoUITests.framework */,
				E9CB9A37C9FBB652C3810D33 /* Pods_tcic_ios_simple_demoTests.framework */,
			);
			name = Frameworks;
			sourceTree = "<group>";
		};
		E0D3778F2E5EDD7000F9DEA6 = {
			isa = PBXGroup;
			children = (
				E0D3779A2E5EDD7000F9DEA6 /* tcic_ios_simple_demo */,
				E0D377AB2E5EDD7100F9DEA6 /* tcic_ios_simple_demoTests */,
				E0D377B52E5EDD7100F9DEA6 /* tcic_ios_simple_demoUITests */,
				E0D377992E5EDD7000F9DEA6 /* Products */,
				1280458A5CB367EA8AF6E248 /* Pods */,
				D790BDFAA215CFBEBF3C076C /* Frameworks */,
			);
			sourceTree = "<group>";
		};
		E0D377992E5EDD7000F9DEA6 /* Products */ = {
			isa = PBXGroup;
			children = (
				E0D377982E5EDD7000F9DEA6 /* tcic_ios_simple_demo.app */,
				E0D377A82E5EDD7100F9DEA6 /* tcic_ios_simple_demoTests.xctest */,
				E0D377B22E5EDD7100F9DEA6 /* tcic_ios_simple_demoUITests.xctest */,
			);
			name = Products;
			sourceTree = "<group>";
		};
		E0D3779A2E5EDD7000F9DEA6 /* tcic_ios_simple_demo */ = {
			isa = PBXGroup;
			children = (
				E0D377C52E5F01A700F9DEA6 /* tcic-ios-simple-demo-Info.plist */,
				E0D3779B2E5EDD7000F9DEA6 /* tcic_ios_simple_demoApp.swift */,
				E0D3779D2E5EDD7000F9DEA6 /* ContentView.swift */,
				E0D3779F2E5EDD7100F9DEA6 /* Assets.xcassets */,
				E0D377A12E5EDD7100F9DEA6 /* Preview Content */,
				E0D377C62E5F071200F9DEA6 /* MyHeaderLeftView.swift */,
				E0ED1E062E701013007F5A48 /* WizardModels.swift */,
				E0ED1E082E701040007F5A48 /* TCICCloudAPI.swift */,
				E0ED1E0A2E701067007F5A48 /* ClassroomSetupWizardView.swift */,
				E0ED1E0C2E70108D007F5A48 /* WizardUIComponents.swift */,
				E0ED1E0E2E7014C7007F5A48 /* TCICRequest.swift */,
			);
			path = tcic_ios_simple_demo;
			sourceTree = "<group>";
		};
		E0D377A12E5EDD7100F9DEA6 /* Preview Content */ = {
			isa = PBXGroup;
			children = (
				E0D377A22E5EDD7100F9DEA6 /* Preview Assets.xcassets */,
			);
			path = "Preview Content";
			sourceTree = "<group>";
		};
		E0D377AB2E5EDD7100F9DEA6 /* tcic_ios_simple_demoTests */ = {
			isa = PBXGroup;
			children = (
				E0D377AC2E5EDD7100F9DEA6 /* tcic_ios_simple_demoTests.swift */,
			);
			path = tcic_ios_simple_demoTests;
			sourceTree = "<group>";
		};
		E0D377B52E5EDD7100F9DEA6 /* tcic_ios_simple_demoUITests */ = {
			isa = PBXGroup;
			children = (
				E0D377B62E5EDD7100F9DEA6 /* tcic_ios_simple_demoUITests.swift */,
				E0D377B82E5EDD7100F9DEA6 /* tcic_ios_simple_demoUITestsLaunchTests.swift */,
			);
			path = tcic_ios_simple_demoUITests;
			sourceTree = "<group>";
		};
/* End PBXGroup section */

/* Begin PBXNativeTarget section */
		E0D377972E5EDD7000F9DEA6 /* tcic_ios_simple_demo */ = {
			isa = PBXNativeTarget;
			buildConfigurationList = E0D377BC2E5EDD7100F9DEA6 /* Build configuration list for PBXNativeTarget "tcic_ios_simple_demo" */;
			buildPhases = (
				980C2E34AFDE190C1AB17AB0 /* [CP] Check Pods Manifest.lock */,
				E0D377942E5EDD7000F9DEA6 /* Sources */,
				E0D377952E5EDD7000F9DEA6 /* Frameworks */,
				E0D377962E5EDD7000F9DEA6 /* Resources */,
				4E68B69F9EAB899898415DBE /* [CP] Embed Pods Frameworks */,
				13D197829712B1F009A2AA79 /* [CP] Copy Pods Resources */,
			);
			buildRules = (
			);
			dependencies = (
			);
			name = tcic_ios_simple_demo;
			productName = tcic_ios_simple_demo;
			productReference = E0D377982E5EDD7000F9DEA6 /* tcic_ios_simple_demo.app */;
			productType = "com.apple.product-type.application";
		};
		E0D377A72E5EDD7100F9DEA6 /* tcic_ios_simple_demoTests */ = {
			isa = PBXNativeTarget;
			buildConfigurationList = E0D377BF2E5EDD7100F9DEA6 /* Build configuration list for PBXNativeTarget "tcic_ios_simple_demoTests" */;
			buildPhases = (
				5E5243E7006C2660C31FCC26 /* [CP] Check Pods Manifest.lock */,
				E0D377A42E5EDD7100F9DEA6 /* Sources */,
				E0D377A52E5EDD7100F9DEA6 /* Frameworks */,
				E0D377A62E5EDD7100F9DEA6 /* Resources */,
			);
			buildRules = (
			);
			dependencies = (
				E0D377AA2E5EDD7100F9DEA6 /* PBXTargetDependency */,
			);
			name = tcic_ios_simple_demoTests;
			productName = tcic_ios_simple_demoTests;
			productReference = E0D377A82E5EDD7100F9DEA6 /* tcic_ios_simple_demoTests.xctest */;
			productType = "com.apple.product-type.bundle.unit-test";
		};
		E0D377B12E5EDD7100F9DEA6 /* tcic_ios_simple_demoUITests */ = {
			isa = PBXNativeTarget;
			buildConfigurationList = E0D377C22E5EDD7100F9DEA6 /* Build configuration list for PBXNativeTarget "tcic_ios_simple_demoUITests" */;
			buildPhases = (
				867219BE3B23577F0300D0F2 /* [CP] Check Pods Manifest.lock */,
				E0D377AE2E5EDD7100F9DEA6 /* Sources */,
				E0D377AF2E5EDD7100F9DEA6 /* Frameworks */,
				E0D377B02E5EDD7100F9DEA6 /* Resources */,
				F96E0B00116EEEE50BE2D3A0 /* [CP] Embed Pods Frameworks */,
				C64C41DDA0A8771BCE5DF7B0 /* [CP] Copy Pods Resources */,
			);
			buildRules = (
			);
			dependencies = (
				E0D377B42E5EDD7100F9DEA6 /* PBXTargetDependency */,
			);
			name = tcic_ios_simple_demoUITests;
			productName = tcic_ios_simple_demoUITests;
			productReference = E0D377B22E5EDD7100F9DEA6 /* tcic_ios_simple_demoUITests.xctest */;
			productType = "com.apple.product-type.bundle.ui-testing";
		};
/* End PBXNativeTarget section */

/* Begin PBXProject section */
		E0D377902E5EDD7000F9DEA6 /* Project object */ = {
			isa = PBXProject;
			attributes = {
				BuildIndependentTargetsInParallel = 1;
				LastSwiftUpdateCheck = 1540;
				LastUpgradeCheck = 1540;
				TargetAttributes = {
					E0D377972E5EDD7000F9DEA6 = {
						CreatedOnToolsVersion = 15.4;
					};
					E0D377A72E5EDD7100F9DEA6 = {
						CreatedOnToolsVersion = 15.4;
						TestTargetID = E0D377972E5EDD7000F9DEA6;
					};
					E0D377B12E5EDD7100F9DEA6 = {
						CreatedOnToolsVersion = 15.4;
						TestTargetID = E0D377972E5EDD7000F9DEA6;
					};
				};
			};
			buildConfigurationList = E0D377932E5EDD7000F9DEA6 /* Build configuration list for PBXProject "tcic_ios_simple_demo" */;
			compatibilityVersion = "Xcode 14.0";
			developmentRegion = en;
			hasScannedForEncodings = 0;
			knownRegions = (
				en,
				Base,
			);
			mainGroup = E0D3778F2E5EDD7000F9DEA6;
			productRefGroup = E0D377992E5EDD7000F9DEA6 /* Products */;
			projectDirPath = "";
			projectRoot = "";
			targets = (
				E0D377972E5EDD7000F9DEA6 /* tcic_ios_simple_demo */,
				E0D377A72E5EDD7100F9DEA6 /* tcic_ios_simple_demoTests */,
				E0D377B12E5EDD7100F9DEA6 /* tcic_ios_simple_demoUITests */,
			);
		};
/* End PBXProject section */

/* Begin PBXResourcesBuildPhase section */
		E0D377962E5EDD7000F9DEA6 /* Resources */ = {
			isa = PBXResourcesBuildPhase;
			buildActionMask = 2147483647;
			files = (
				E0D377A32E5EDD7100F9DEA6 /* Preview Assets.xcassets in Resources */,
				E0D377A02E5EDD7100F9DEA6 /* Assets.xcassets in Resources */,
			);
			runOnlyForDeploymentPostprocessing = 0;
		};
		E0D377A62E5EDD7100F9DEA6 /* Resources */ = {
			isa = PBXResourcesBuildPhase;
			buildActionMask = 2147483647;
			files = (
			);
			runOnlyForDeploymentPostprocessing = 0;
		};
		E0D377B02E5EDD7100F9DEA6 /* Resources */ = {
			isa = PBXResourcesBuildPhase;
			buildActionMask = 2147483647;
			files = (
			);
			runOnlyForDeploymentPostprocessing = 0;
		};
/* End PBXResourcesBuildPhase section */

/* Begin PBXShellScriptBuildPhase section */
		13D197829712B1F009A2AA79 /* [CP] Copy Pods Resources */ = {
			isa = PBXShellScriptBuildPhase;
			buildActionMask = 2147483647;
			files = (
			);
			inputFileListPaths = (
				"${PODS_ROOT}/Target Support Files/Pods-tcic_ios_simple_demo/Pods-tcic_ios_simple_demo-resources-${CONFIGURATION}-input-files.xcfilelist",
			);
			name = "[CP] Copy Pods Resources";
			outputFileListPaths = (
				"${PODS_ROOT}/Target Support Files/Pods-tcic_ios_simple_demo/Pods-tcic_ios_simple_demo-resources-${CONFIGURATION}-output-files.xcfilelist",
			);
			runOnlyForDeploymentPostprocessing = 0;
			shellPath = /bin/sh;
			shellScript = "\"${PODS_ROOT}/Target Support Files/Pods-tcic_ios_simple_demo/Pods-tcic_ios_simple_demo-resources.sh\"\n";
			showEnvVarsInLog = 0;
		};
		4E68B69F9EAB899898415DBE /* [CP] Embed Pods Frameworks */ = {
			isa = PBXShellScriptBuildPhase;
			buildActionMask = 2147483647;
			files = (
			);
			inputFileListPaths = (
				"${PODS_ROOT}/Target Support Files/Pods-tcic_ios_simple_demo/Pods-tcic_ios_simple_demo-frameworks-${CONFIGURATION}-input-files.xcfilelist",
			);
			name = "[CP] Embed Pods Frameworks";
			outputFileListPaths = (
				"${PODS_ROOT}/Target Support Files/Pods-tcic_ios_simple_demo/Pods-tcic_ios_simple_demo-frameworks-${CONFIGURATION}-output-files.xcfilelist",
			);
			runOnlyForDeploymentPostprocessing = 0;
			shellPath = /bin/sh;
			shellScript = "\"${PODS_ROOT}/Target Support Files/Pods-tcic_ios_simple_demo/Pods-tcic_ios_simple_demo-frameworks.sh\"\n";
			showEnvVarsInLog = 0;
		};
		5E5243E7006C2660C31FCC26 /* [CP] Check Pods Manifest.lock */ = {
			isa = PBXShellScriptBuildPhase;
			buildActionMask = 2147483647;
			files = (
			);
			inputFileListPaths = (
			);
			inputPaths = (
				"${PODS_PODFILE_DIR_PATH}/Podfile.lock",
				"${PODS_ROOT}/Manifest.lock",
			);
			name = "[CP] Check Pods Manifest.lock";
			outputFileListPaths = (
			);
			outputPaths = (
				"$(DERIVED_FILE_DIR)/Pods-tcic_ios_simple_demoTests-checkManifestLockResult.txt",
			);
			runOnlyForDeploymentPostprocessing = 0;
			shellPath = /bin/sh;
			shellScript = "diff \"${PODS_PODFILE_DIR_PATH}/Podfile.lock\" \"${PODS_ROOT}/Manifest.lock\" > /dev/null\nif [ $? != 0 ] ; then\n    # print error to STDERR\n    echo \"error: The sandbox is not in sync with the Podfile.lock. Run 'pod install' or update your CocoaPods installation.\" >&2\n    exit 1\nfi\n# This output is used by Xcode 'outputs' to avoid re-running this script phase.\necho \"SUCCESS\" > \"${SCRIPT_OUTPUT_FILE_0}\"\n";
			showEnvVarsInLog = 0;
		};
		867219BE3B23577F0300D0F2 /* [CP] Check Pods Manifest.lock */ = {
			isa = PBXShellScriptBuildPhase;
			buildActionMask = 2147483647;
			files = (
			);
			inputFileListPaths = (
			);
			inputPaths = (
				"${PODS_PODFILE_DIR_PATH}/Podfile.lock",
				"${PODS_ROOT}/Manifest.lock",
			);
			name = "[CP] Check Pods Manifest.lock";
			outputFileListPaths = (
			);
			outputPaths = (
				"$(DERIVED_FILE_DIR)/Pods-tcic_ios_simple_demo-tcic_ios_simple_demoUITests-checkManifestLockResult.txt",
			);
			runOnlyForDeploymentPostprocessing = 0;
			shellPath = /bin/sh;
			shellScript = "diff \"${PODS_PODFILE_DIR_PATH}/Podfile.lock\" \"${PODS_ROOT}/Manifest.lock\" > /dev/null\nif [ $? != 0 ] ; then\n    # print error to STDERR\n    echo \"error: The sandbox is not in sync with the Podfile.lock. Run 'pod install' or update your CocoaPods installation.\" >&2\n    exit 1\nfi\n# This output is used by Xcode 'outputs' to avoid re-running this script phase.\necho \"SUCCESS\" > \"${SCRIPT_OUTPUT_FILE_0}\"\n";
			showEnvVarsInLog = 0;
		};
		980C2E34AFDE190C1AB17AB0 /* [CP] Check Pods Manifest.lock */ = {
			isa = PBXShellScriptBuildPhase;
			buildActionMask = 2147483647;
			files = (
			);
			inputFileListPaths = (
			);
			inputPaths = (
				"${PODS_PODFILE_DIR_PATH}/Podfile.lock",
				"${PODS_ROOT}/Manifest.lock",
			);
			name = "[CP] Check Pods Manifest.lock";
			outputFileListPaths = (
			);
			outputPaths = (
				"$(DERIVED_FILE_DIR)/Pods-tcic_ios_simple_demo-checkManifestLockResult.txt",
			);
			runOnlyForDeploymentPostprocessing = 0;
			shellPath = /bin/sh;
			shellScript = "diff \"${PODS_PODFILE_DIR_PATH}/Podfile.lock\" \"${PODS_ROOT}/Manifest.lock\" > /dev/null\nif [ $? != 0 ] ; then\n    # print error to STDERR\n    echo \"error: The sandbox is not in sync with the Podfile.lock. Run 'pod install' or update your CocoaPods installation.\" >&2\n    exit 1\nfi\n# This output is used by Xcode 'outputs' to avoid re-running this script phase.\necho \"SUCCESS\" > \"${SCRIPT_OUTPUT_FILE_0}\"\n";
			showEnvVarsInLog = 0;
		};
		C64C41DDA0A8771BCE5DF7B0 /* [CP] Copy Pods Resources */ = {
			isa = PBXShellScriptBuildPhase;
			buildActionMask = 2147483647;
			files = (
			);
			inputFileListPaths = (
				"${PODS_ROOT}/Target Support Files/Pods-tcic_ios_simple_demo-tcic_ios_simple_demoUITests/Pods-tcic_ios_simple_demo-tcic_ios_simple_demoUITests-resources-${CONFIGURATION}-input-files.xcfilelist",
			);
			name = "[CP] Copy Pods Resources";
			outputFileListPaths = (
				"${PODS_ROOT}/Target Support Files/Pods-tcic_ios_simple_demo-tcic_ios_simple_demoUITests/Pods-tcic_ios_simple_demo-tcic_ios_simple_demoUITests-resources-${CONFIGURATION}-output-files.xcfilelist",
			);
			runOnlyForDeploymentPostprocessing = 0;
			shellPath = /bin/sh;
			shellScript = "\"${PODS_ROOT}/Target Support Files/Pods-tcic_ios_simple_demo-tcic_ios_simple_demoUITests/Pods-tcic_ios_simple_demo-tcic_ios_simple_demoUITests-resources.sh\"\n";
			showEnvVarsInLog = 0;
		};
		F96E0B00116EEEE50BE2D3A0 /* [CP] Embed Pods Frameworks */ = {
			isa = PBXShellScriptBuildPhase;
			buildActionMask = 2147483647;
			files = (
			);
			inputFileListPaths = (
				"${PODS_ROOT}/Target Support Files/Pods-tcic_ios_simple_demo-tcic_ios_simple_demoUITests/Pods-tcic_ios_simple_demo-tcic_ios_simple_demoUITests-frameworks-${CONFIGURATION}-input-files.xcfilelist",
			);
			name = "[CP] Embed Pods Frameworks";
			outputFileListPaths = (
				"${PODS_ROOT}/Target Support Files/Pods-tcic_ios_simple_demo-tcic_ios_simple_demoUITests/Pods-tcic_ios_simple_demo-tcic_ios_simple_demoUITests-frameworks-${CONFIGURATION}-output-files.xcfilelist",
			);
			runOnlyForDeploymentPostprocessing = 0;
			shellPath = /bin/sh;
			shellScript = "\"${PODS_ROOT}/Target Support Files/Pods-tcic_ios_simple_demo-tcic_ios_simple_demoUITests/Pods-tcic_ios_simple_demo-tcic_ios_simple_demoUITests-frameworks.sh\"\n";
			showEnvVarsInLog = 0;
		};
/* End PBXShellScriptBuildPhase section */

/* Begin PBXSourcesBuildPhase section */
		E0D377942E5EDD7000F9DEA6 /* Sources */ = {
			isa = PBXSourcesBuildPhase;
			buildActionMask = 2147483647;
			files = (
				E0ED1E0F2E7014C7007F5A48 /* TCICRequest.swift in Sources */,
				E0D3779E2E5EDD7000F9DEA6 /* ContentView.swift in Sources */,
				E0D3779C2E5EDD7000F9DEA6 /* tcic_ios_simple_demoApp.swift in Sources */,
				E0ED1E0D2E70108D007F5A48 /* WizardUIComponents.swift in Sources */,
				E0ED1E072E701013007F5A48 /* WizardModels.swift in Sources */,
				E0ED1E0B2E701067007F5A48 /* ClassroomSetupWizardView.swift in Sources */,
				E0ED1E092E701040007F5A48 /* TCICCloudAPI.swift in Sources */,
				E0D377C72E5F071200F9DEA6 /* MyHeaderLeftView.swift in Sources */,
			);
			runOnlyForDeploymentPostprocessing = 0;
		};
		E0D377A42E5EDD7100F9DEA6 /* Sources */ = {
			isa = PBXSourcesBuildPhase;
			buildActionMask = 2147483647;
			files = (
				E0D377AD2E5EDD7100F9DEA6 /* tcic_ios_simple_demoTests.swift in Sources */,
			);
			runOnlyForDeploymentPostprocessing = 0;
		};
		E0D377AE2E5EDD7100F9DEA6 /* Sources */ = {
			isa = PBXSourcesBuildPhase;
			buildActionMask = 2147483647;
			files = (
				E0D377B92E5EDD7100F9DEA6 /* tcic_ios_simple_demoUITestsLaunchTests.swift in Sources */,
				E0D377B72E5EDD7100F9DEA6 /* tcic_ios_simple_demoUITests.swift in Sources */,
			);
			runOnlyForDeploymentPostprocessing = 0;
		};
/* End PBXSourcesBuildPhase section */

/* Begin PBXTargetDependency section */
		E0D377AA2E5EDD7100F9DEA6 /* PBXTargetDependency */ = {
			isa = PBXTargetDependency;
			target = E0D377972E5EDD7000F9DEA6 /* tcic_ios_simple_demo */;
			targetProxy = E0D377A92E5EDD7100F9DEA6 /* PBXContainerItemProxy */;
		};
		E0D377B42E5EDD7100F9DEA6 /* PBXTargetDependency */ = {
			isa = PBXTargetDependency;
			target = E0D377972E5EDD7000F9DEA6 /* tcic_ios_simple_demo */;
			targetProxy = E0D377B32E5EDD7100F9DEA6 /* PBXContainerItemProxy */;
		};
/* End PBXTargetDependency section */

/* Begin XCBuildConfiguration section */
		E0D377BA2E5EDD7100F9DEA6 /* Debug */ = {
			isa = XCBuildConfiguration;
			buildSettings = {
				ALWAYS_SEARCH_USER_PATHS = NO;
				ASSETCATALOG_COMPILER_GENERATE_SWIFT_ASSET_SYMBOL_EXTENSIONS = YES;
				CLANG_ANALYZER_NONNULL = YES;
				CLANG_ANALYZER_NUMBER_OBJECT_CONVERSION = YES_AGGRESSIVE;
				CLANG_CXX_LANGUAGE_STANDARD = "gnu++20";
				CLANG_ENABLE_MODULES = YES;
				CLANG_ENABLE_OBJC_ARC = YES;
				CLANG_ENABLE_OBJC_WEAK = YES;
				CLANG_WARN_BLOCK_CAPTURE_AUTORELEASING = YES;
				CLANG_WARN_BOOL_CONVERSION = YES;
				CLANG_WARN_COMMA = YES;
				CLANG_WARN_CONSTANT_CONVERSION = YES;
				CLANG_WARN_DEPRECATED_OBJC_IMPLEMENTATIONS = YES;
				CLANG_WARN_DIRECT_OBJC_ISA_USAGE = YES_ERROR;
				CLANG_WARN_DOCUMENTATION_COMMENTS = YES;
				CLANG_WARN_EMPTY_BODY = YES;
				CLANG_WARN_ENUM_CONVERSION = YES;
				CLANG_WARN_INFINITE_RECURSION = YES;
				CLANG_WARN_INT_CONVERSION = YES;
				CLANG_WARN_NON_LITERAL_NULL_CONVERSION = YES;
				CLANG_WARN_OBJC_IMPLICIT_RETAIN_SELF = YES;
				CLANG_WARN_OBJC_LITERAL_CONVERSION = YES;
				CLANG_WARN_OBJC_ROOT_CLASS = YES_ERROR;
				CLANG_WARN_QUOTED_INCLUDE_IN_FRAMEWORK_HEADER = YES;
				CLANG_WARN_RANGE_LOOP_ANALYSIS = YES;
				CLANG_WARN_STRICT_PROTOTYPES = YES;
				CLANG_WARN_SUSPICIOUS_MOVE = YES;
				CLANG_WARN_UNGUARDED_AVAILABILITY = YES_AGGRESSIVE;
				CLANG_WARN_UNREACHABLE_CODE = YES;
				CLANG_WARN__DUPLICATE_METHOD_MATCH = YES;
				COPY_PHASE_STRIP = NO;
				DEBUG_INFORMATION_FORMAT = dwarf;
				ENABLE_STRICT_OBJC_MSGSEND = YES;
				ENABLE_TESTABILITY = YES;
				ENABLE_USER_SCRIPT_SANDBOXING = YES;
				GCC_C_LANGUAGE_STANDARD = gnu17;
				GCC_DYNAMIC_NO_PIC = NO;
				GCC_NO_COMMON_BLOCKS = YES;
				GCC_OPTIMIZATION_LEVEL = 0;
				GCC_PREPROCESSOR_DEFINITIONS = (
					"DEBUG=1",
					"$(inherited)",
				);
				GCC_WARN_64_TO_32_BIT_CONVERSION = YES;
				GCC_WARN_ABOUT_RETURN_TYPE = YES_ERROR;
				GCC_WARN_UNDECLARED_SELECTOR = YES;
				GCC_WARN_UNINITIALIZED_AUTOS = YES_AGGRESSIVE;
				GCC_WARN_UNUSED_FUNCTION = YES;
				GCC_WARN_UNUSED_VARIABLE = YES;
				IPHONEOS_DEPLOYMENT_TARGET = 17.2;
				LOCALIZATION_PREFERS_STRING_CATALOGS = YES;
				MTL_ENABLE_DEBUG_INFO = INCLUDE_SOURCE;
				MTL_FAST_MATH = YES;
				ONLY_ACTIVE_ARCH = YES;
				SDKROOT = iphoneos;
				SWIFT_ACTIVE_COMPILATION_CONDITIONS = "DEBUG $(inherited)";
				SWIFT_OPTIMIZATION_LEVEL = "-Onone";
			};
			name = Debug;
		};
		E0D377BB2E5EDD7100F9DEA6 /* Release */ = {
			isa = XCBuildConfiguration;
			buildSettings = {
				ALWAYS_SEARCH_USER_PATHS = NO;
				ASSETCATALOG_COMPILER_GENERATE_SWIFT_ASSET_SYMBOL_EXTENSIONS = YES;
				CLANG_ANALYZER_NONNULL = YES;
				CLANG_ANALYZER_NUMBER_OBJECT_CONVERSION = YES_AGGRESSIVE;
				CLANG_CXX_LANGUAGE_STANDARD = "gnu++20";
				CLANG_ENABLE_MODULES = YES;
				CLANG_ENABLE_OBJC_ARC = YES;
				CLANG_ENABLE_OBJC_WEAK = YES;
				CLANG_WARN_BLOCK_CAPTURE_AUTORELEASING = YES;
				CLANG_WARN_BOOL_CONVERSION = YES;
				CLANG_WARN_COMMA = YES;
				CLANG_WARN_CONSTANT_CONVERSION = YES;
				CLANG_WARN_DEPRECATED_OBJC_IMPLEMENTATIONS = YES;
				CLANG_WARN_DIRECT_OBJC_ISA_USAGE = YES_ERROR;
				CLANG_WARN_DOCUMENTATION_COMMENTS = YES;
				CLANG_WARN_EMPTY_BODY = YES;
				CLANG_WARN_ENUM_CONVERSION = YES;
				CLANG_WARN_INFINITE_RECURSION = YES;
				CLANG_WARN_INT_CONVERSION = YES;
				CLANG_WARN_NON_LITERAL_NULL_CONVERSION = YES;
				CLANG_WARN_OBJC_IMPLICIT_RETAIN_SELF = YES;
				CLANG_WARN_OBJC_LITERAL_CONVERSION = YES;
				CLANG_WARN_OBJC_ROOT_CLASS = YES_ERROR;
				CLANG_WARN_QUOTED_INCLUDE_IN_FRAMEWORK_HEADER = YES;
				CLANG_WARN_RANGE_LOOP_ANALYSIS = YES;
				CLANG_WARN_STRICT_PROTOTYPES = YES;
				CLANG_WARN_SUSPICIOUS_MOVE = YES;
				CLANG_WARN_UNGUARDED_AVAILABILITY = YES_AGGRESSIVE;
				CLANG_WARN_UNREACHABLE_CODE = YES;
				CLANG_WARN__DUPLICATE_METHOD_MATCH = YES;
				COPY_PHASE_STRIP = NO;
				DEBUG_INFORMATION_FORMAT = "dwarf-with-dsym";
				ENABLE_NS_ASSERTIONS = NO;
				ENABLE_STRICT_OBJC_MSGSEND = YES;
				ENABLE_USER_SCRIPT_SANDBOXING = YES;
				GCC_C_LANGUAGE_STANDARD = gnu17;
				GCC_NO_COMMON_BLOCKS = YES;
				GCC_WARN_64_TO_32_BIT_CONVERSION = YES;
				GCC_WARN_ABOUT_RETURN_TYPE = YES_ERROR;
				GCC_WARN_UNDECLARED_SELECTOR = YES;
				GCC_WARN_UNINITIALIZED_AUTOS = YES_AGGRESSIVE;
				GCC_WARN_UNUSED_FUNCTION = YES;
				GCC_WARN_UNUSED_VARIABLE = YES;
				IPHONEOS_DEPLOYMENT_TARGET = 17.2;
				LOCALIZATION_PREFERS_STRING_CATALOGS = YES;
				MTL_ENABLE_DEBUG_INFO = NO;
				MTL_FAST_MATH = YES;
				SDKROOT = iphoneos;
				SWIFT_COMPILATION_MODE = wholemodule;
				VALIDATE_PRODUCT = YES;
			};
			name = Release;
		};
		E0D377BD2E5EDD7100F9DEA6 /* Debug */ = {
			isa = XCBuildConfiguration;
			baseConfigurationReference = F1CD0AE53B96304AE8B9C3C3 /* Pods-tcic_ios_simple_demo.debug.xcconfig */;
			buildSettings = {
				ASSETCATALOG_COMPILER_APPICON_NAME = AppIcon;
				ASSETCATALOG_COMPILER_GLOBAL_ACCENT_COLOR_NAME = AccentColor;
				"CODE_SIGN_IDENTITY[sdk=iphoneos*]" = "iPhone Developer";
				CODE_SIGN_STYLE = Manual;
				CURRENT_PROJECT_VERSION = 1;
				DEVELOPMENT_ASSET_PATHS = "\"tcic_ios_simple_demo/Preview Content\"";
				DEVELOPMENT_TEAM = "";
				"DEVELOPMENT_TEAM[sdk=iphoneos*]" = FN2V63AD2J;
				ENABLE_PREVIEWS = YES;
				ENABLE_USER_SCRIPT_SANDBOXING = NO;
				GENERATE_INFOPLIST_FILE = YES;
				INFOPLIST_FILE = "tcic-ios-simple-demo-Info.plist";
				INFOPLIST_KEY_NSCameraUsageDescription = "Video calls require camera permission.";
				INFOPLIST_KEY_NSMicrophoneUsageDescription = "Voice calls require microphone permission.";
				INFOPLIST_KEY_NSPhotoLibraryUsageDescription = "Video calls require photo library permission.";
				INFOPLIST_KEY_UIApplicationSceneManifest_Generation = YES;
				INFOPLIST_KEY_UIApplicationSupportsIndirectInputEvents = YES;
				INFOPLIST_KEY_UILaunchScreen_Generation = YES;
				INFOPLIST_KEY_UISupportedInterfaceOrientations_iPad = "UIInterfaceOrientationPortrait UIInterfaceOrientationPortraitUpsideDown UIInterfaceOrientationLandscapeLeft UIInterfaceOrientationLandscapeRight";
				INFOPLIST_KEY_UISupportedInterfaceOrientations_iPhone = "UIInterfaceOrientationPortrait UIInterfaceOrientationLandscapeLeft UIInterfaceOrientationLandscapeRight";
				LD_RUNPATH_SEARCH_PATHS = (
					"$(inherited)",
					"@executable_path/Frameworks",
				);
				MARKETING_VERSION = 1.0;
				PRODUCT_BUNDLE_IDENTIFIER = com.tencent.tcic;
				PRODUCT_NAME = "$(TARGET_NAME)";
				PROVISIONING_PROFILE_SPECIFIER = "";
				"PROVISIONING_PROFILE_SPECIFIER[sdk=iphoneos*]" = com.tencent.tcic_Development_SignProvision;
				SWIFT_EMIT_LOC_STRINGS = YES;
				SWIFT_VERSION = 5.0;
				TARGETED_DEVICE_FAMILY = "1,2";
			};
			name = Debug;
		};
		E0D377BE2E5EDD7100F9DEA6 /* Release */ = {
			isa = XCBuildConfiguration;
			baseConfigurationReference = 17A3AD0A2ADECBECA782691C /* Pods-tcic_ios_simple_demo.release.xcconfig */;
			buildSettings = {
				ASSETCATALOG_COMPILER_APPICON_NAME = AppIcon;
				ASSETCATALOG_COMPILER_GLOBAL_ACCENT_COLOR_NAME = AccentColor;
				"CODE_SIGN_IDENTITY[sdk=iphoneos*]" = "iPhone Developer";
				CODE_SIGN_STYLE = Manual;
				CURRENT_PROJECT_VERSION = 1;
				DEVELOPMENT_ASSET_PATHS = "\"tcic_ios_simple_demo/Preview Content\"";
				DEVELOPMENT_TEAM = "";
				"DEVELOPMENT_TEAM[sdk=iphoneos*]" = FN2V63AD2J;
				ENABLE_PREVIEWS = YES;
				ENABLE_USER_SCRIPT_SANDBOXING = NO;
				GENERATE_INFOPLIST_FILE = YES;
				INFOPLIST_FILE = "tcic-ios-simple-demo-Info.plist";
				INFOPLIST_KEY_NSCameraUsageDescription = "Video calls require camera permission.";
				INFOPLIST_KEY_NSMicrophoneUsageDescription = "Voice calls require microphone permission.";
				INFOPLIST_KEY_NSPhotoLibraryUsageDescription = "Video calls require photo library permission.";
				INFOPLIST_KEY_UIApplicationSceneManifest_Generation = YES;
				INFOPLIST_KEY_UIApplicationSupportsIndirectInputEvents = YES;
				INFOPLIST_KEY_UILaunchScreen_Generation = YES;
				INFOPLIST_KEY_UISupportedInterfaceOrientations_iPad = "UIInterfaceOrientationPortrait UIInterfaceOrientationPortraitUpsideDown UIInterfaceOrientationLandscapeLeft UIInterfaceOrientationLandscapeRight";
				INFOPLIST_KEY_UISupportedInterfaceOrientations_iPhone = "UIInterfaceOrientationPortrait UIInterfaceOrientationLandscapeLeft UIInterfaceOrientationLandscapeRight";
				LD_RUNPATH_SEARCH_PATHS = (
					"$(inherited)",
					"@executable_path/Frameworks",
				);
				MARKETING_VERSION = 1.0;
				PRODUCT_BUNDLE_IDENTIFIER = com.tencent.tcic;
				PRODUCT_NAME = "$(TARGET_NAME)";
				PROVISIONING_PROFILE_SPECIFIER = "";
				"PROVISIONING_PROFILE_SPECIFIER[sdk=iphoneos*]" = com.tencent.tcic_Development_SignProvision;
				SWIFT_EMIT_LOC_STRINGS = YES;
				SWIFT_VERSION = 5.0;
				TARGETED_DEVICE_FAMILY = "1,2";
			};
			name = Release;
		};
		E0D377C02E5EDD7100F9DEA6 /* Debug */ = {
			isa = XCBuildConfiguration;
			baseConfigurationReference = 511FAE1C7EC3A999BE4EFB88 /* Pods-tcic_ios_simple_demoTests.debug.xcconfig */;
			buildSettings = {
				ALWAYS_EMBED_SWIFT_STANDARD_LIBRARIES = YES;
				BUNDLE_LOADER = "$(TEST_HOST)";
				CODE_SIGN_STYLE = Automatic;
				CURRENT_PROJECT_VERSION = 1;
				DEVELOPMENT_TEAM = 3HBNF7P275;
				GENERATE_INFOPLIST_FILE = YES;
				IPHONEOS_DEPLOYMENT_TARGET = 17.2;
				MARKETING_VERSION = 1.0;
				PRODUCT_BUNDLE_IDENTIFIER = "com.tencent.tcic-ios-simple-demoTests";
				PRODUCT_NAME = "$(TARGET_NAME)";
				SWIFT_EMIT_LOC_STRINGS = NO;
				SWIFT_VERSION = 5.0;
				TARGETED_DEVICE_FAMILY = "1,2";
				TEST_HOST = "$(BUILT_PRODUCTS_DIR)/tcic_ios_simple_demo.app/$(BUNDLE_EXECUTABLE_FOLDER_PATH)/tcic_ios_simple_demo";
			};
			name = Debug;
		};
		E0D377C12E5EDD7100F9DEA6 /* Release */ = {
			isa = XCBuildConfiguration;
			baseConfigurationReference = A211C8C51A70C707F98C134F /* Pods-tcic_ios_simple_demoTests.release.xcconfig */;
			buildSettings = {
				ALWAYS_EMBED_SWIFT_STANDARD_LIBRARIES = YES;
				BUNDLE_LOADER = "$(TEST_HOST)";
				CODE_SIGN_STYLE = Automatic;
				CURRENT_PROJECT_VERSION = 1;
				DEVELOPMENT_TEAM = 3HBNF7P275;
				GENERATE_INFOPLIST_FILE = YES;
				IPHONEOS_DEPLOYMENT_TARGET = 17.2;
				MARKETING_VERSION = 1.0;
				PRODUCT_BUNDLE_IDENTIFIER = "com.tencent.tcic-ios-simple-demoTests";
				PRODUCT_NAME = "$(TARGET_NAME)";
				SWIFT_EMIT_LOC_STRINGS = NO;
				SWIFT_VERSION = 5.0;
				TARGETED_DEVICE_FAMILY = "1,2";
				TEST_HOST = "$(BUILT_PRODUCTS_DIR)/tcic_ios_simple_demo.app/$(BUNDLE_EXECUTABLE_FOLDER_PATH)/tcic_ios_simple_demo";
			};
			name = Release;
		};
		E0D377C32E5EDD7100F9DEA6 /* Debug */ = {
			isa = XCBuildConfiguration;
			baseConfigurationReference = D6798471EAFA4947903E3693 /* Pods-tcic_ios_simple_demo-tcic_ios_simple_demoUITests.debug.xcconfig */;
			buildSettings = {
				ALWAYS_EMBED_SWIFT_STANDARD_LIBRARIES = YES;
				CODE_SIGN_STYLE = Automatic;
				CURRENT_PROJECT_VERSION = 1;
				DEVELOPMENT_TEAM = 3HBNF7P275;
				GENERATE_INFOPLIST_FILE = YES;
				MARKETING_VERSION = 1.0;
				PRODUCT_BUNDLE_IDENTIFIER = "com.tencent.tcic-ios-simple-demoUITests";
				PRODUCT_NAME = "$(TARGET_NAME)";
				SWIFT_EMIT_LOC_STRINGS = NO;
				SWIFT_VERSION = 5.0;
				TARGETED_DEVICE_FAMILY = "1,2";
				TEST_TARGET_NAME = tcic_ios_simple_demo;
			};
			name = Debug;
		};
		E0D377C42E5EDD7100F9DEA6 /* Release */ = {
			isa = XCBuildConfiguration;
			baseConfigurationReference = 00B3AE66DE3F11C361F54E4A /* Pods-tcic_ios_simple_demo-tcic_ios_simple_demoUITests.release.xcconfig */;
			buildSettings = {
				ALWAYS_EMBED_SWIFT_STANDARD_LIBRARIES = YES;
				CODE_SIGN_STYLE = Automatic;
				CURRENT_PROJECT_VERSION = 1;
				DEVELOPMENT_TEAM = 3HBNF7P275;
				GENERATE_INFOPLIST_FILE = YES;
				MARKETING_VERSION = 1.0;
				PRODUCT_BUNDLE_IDENTIFIER = "com.tencent.tcic-ios-simple-demoUITests";
				PRODUCT_NAME = "$(TARGET_NAME)";
				SWIFT_EMIT_LOC_STRINGS = NO;
				SWIFT_VERSION = 5.0;
				TARGETED_DEVICE_FAMILY = "1,2";
				TEST_TARGET_NAME = tcic_ios_simple_demo;
			};
			name = Release;
		};
/* End XCBuildConfiguration section */

/* Begin XCConfigurationList section */
		E0D377932E5EDD7000F9DEA6 /* Build configuration list for PBXProject "tcic_ios_simple_demo" */ = {
			isa = XCConfigurationList;
			buildConfigurations = (
				E0D377BA2E5EDD7100F9DEA6 /* Debug */,
				E0D377BB2E5EDD7100F9DEA6 /* Release */,
			);
			defaultConfigurationIsVisible = 0;
			defaultConfigurationName = Release;
		};
		E0D377BC2E5EDD7100F9DEA6 /* Build configuration list for PBXNativeTarget "tcic_ios_simple_demo" */ = {
			isa = XCConfigurationList;
			buildConfigurations = (
				E0D377BD2E5EDD7100F9DEA6 /* Debug */,
				E0D377BE2E5EDD7100F9DEA6 /* Release */,
			);
			defaultConfigurationIsVisible = 0;
			defaultConfigurationName = Release;
		};
		E0D377BF2E5EDD7100F9DEA6 /* Build configuration list for PBXNativeTarget "tcic_ios_simple_demoTests" */ = {
			isa = XCConfigurationList;
			buildConfigurations = (
				E0D377C02E5EDD7100F9DEA6 /* Debug */,
				E0D377C12E5EDD7100F9DEA6 /* Release */,
			);
			defaultConfigurationIsVisible = 0;
			defaultConfigurationName = Release;
		};
		E0D377C22E5EDD7100F9DEA6 /* Build configuration list for PBXNativeTarget "tcic_ios_simple_demoUITests" */ = {
			isa = XCConfigurationList;
			buildConfigurations = (
				E0D377C32E5EDD7100F9DEA6 /* Debug */,
				E0D377C42E5EDD7100F9DEA6 /* Release */,
			);
			defaultConfigurationIsVisible = 0;
			defaultConfigurationName = Release;
		};
/* End XCConfigurationList section */
	};
	rootObject = E0D377902E5EDD7000F9DEA6 /* Project object */;
}
